
Microsoft Visual Studio Solution File, Format Version 12.00
# Visual Studio Version 16
VisualStudioVersion = 16.0.30523.141
MinimumVisualStudioVersion = 10.0.40219.1
Project("{FAE04EC0-301F-11D3-BF4B-00C04F79EFBC}") = "PrimaryProject", "PrimaryProject\PrimaryProject.csproj", "{DB1B29A9-A6A4-4CA5-BC51-E31113A3A8F8}"
EndProject
Project("{FAE04EC0-301F-11D3-BF4B-00C04F79EFBC}") = "ClassA", "ClassA\ClassA.csproj", "{C51AC410-1D32-443F-977D-43560796EF9B}"
EndProject
Project("{FAE04EC0-301F-11D3-BF4B-00C04F79EFBC}") = "ClassB", "ClassB\ClassB.csproj", "{A0D0F37A-AED2-4CD0-B83A-C0F255C59E34}"
EndProject
Global
	GlobalSection(SolutionConfigurationPlatforms) = preSolution
		Debug|Any CPU = Debug|Any CPU
		Release|Any CPU = Release|Any CPU
	EndGlobalSection
	GlobalSection(ProjectConfigurationPlatforms) = postSolution
		{DB1B29A9-A6A4-4CA5-BC51-E31113A3A8F8}.Debug|Any CPU.ActiveCfg = Debug|Any CPU
		{DB1B29A9-A6A4-4CA5-BC51-E31113A3A8F8}.Debug|Any CPU.Build.0 = Debug|Any CPU
		{DB1B29A9-A6A4-4CA5-BC51-E31113A3A8F8}.Release|Any CPU.ActiveCfg = Release|Any CPU
		{DB1B29A9-A6A4-4CA5-BC51-E31113A3A8F8}.Release|Any CPU.Build.0 = Release|Any CPU
		{C51AC410-1D32-443F-977D-43560796EF9B}.Debug|Any CPU.ActiveCfg = Debug|Any CPU
		{C51AC410-1D32-443F-977D-43560796EF9B}.Debug|Any CPU.Build.0 = Debug|Any CPU
		{C51AC410-1D32-443F-977D-43560796EF9B}.Release|Any CPU.ActiveCfg = Release|Any CPU
		{C51AC410-1D32-443F-977D-43560796EF9B}.Release|Any CPU.Build.0 = Release|Any CPU
		{A0D0F37A-AED2-4CD0-B83A-C0F255C59E34}.Debug|Any CPU.ActiveCfg = Debug|Any CPU
		{A0D0F37A-AED2-4CD0-B83A-C0F255C59E34}.Debug|Any CPU.Build.0 = Debug|Any CPU
		{A0D0F37A-AED2-4CD0-B83A-C0F255C59E34}.Release|Any CPU.ActiveCfg = Release|Any CPU
		{A0D0F37A-AED2-4CD0-B83A-C0F255C59E34}.Release|Any CPU.Build.0 = Release|Any CPU
	EndGlobalSection
	GlobalSection(SolutionProperties) = preSolution
		HideSolutionNode = FALSE
	EndGlobalSection
	GlobalSection(ExtensibilityGlobals) = postSolution
		SolutionGuid = {FA435C7A-2DCF-420B-B589-0B02D8EC43A2}
	EndGlobalSection
EndGlobal
